// !$*UTF8*$!
{
	archiveVersion = 1;
	classes = {
	};
	objectVersion = 46;
	objects = {

/* Begin PBXBuildFile section */
		668606411BB474CC00BC25FC /* AppDelegate.swift in Sources */ = {isa = PBXBuildFile; fileRef = 668606401BB474CC00BC25FC /* AppDelegate.swift */; };
		668606431BB474CC00BC25FC /* ViewController.swift in Sources */ = {isa = PBXBuildFile; fileRef = 668606421BB474CC00BC25FC /* ViewController.swift */; };
		668606461BB474CC00BC25FC /* Main.storyboard in Resources */ = {isa = PBXBuildFile; fileRef = 668606441BB474CC00BC25FC /* Main.storyboard */; };
		668606481BB474CC00BC25FC /* Assets.xcassets in Resources */ = {isa = PBXBuildFile; fileRef = 668606471BB474CC00BC25FC /* Assets.xcassets */; };
		6686064B1BB474CC00BC25FC /* LaunchScreen.storyboard in Resources */ = {isa = PBXBuildFile; fileRef = 668606491BB474CC00BC25FC /* LaunchScreen.storyboard */; };
/* End PBXBuildFile section */

/* Begin PBXFileReference section */
		6686063D1BB474CC00BC25FC /* Permanent Storage.app */ = {isa = PBXFileReference; explicitFileType = wrapper.application; includeInIndex = 0; path = "Permanent Storage.app"; sourceTree = BUILT_PRODUCTS_DIR; };
		668606401BB474CC00BC25FC /* AppDelegate.swift */ = {isa = PBXFileReference; lastKnownFileType = sourcecode.swift; path = AppDelegate.swift; sourceTree = "<group>"; };
		668606421BB474CC00BC25FC /* ViewController.swift */ = {isa = PBXFileReference; lastKnownFileType = sourcecode.swift; path = ViewController.swift; sourceTree = "<group>"; };
		668606451BB474CC00BC25FC /* Base */ = {isa = PBXFileReference; lastKnownFileType = file.storyboard; name = Base; path = Base.lproj/Main.storyboard; sourceTree = "<group>"; };
		668606471BB474CC00BC25FC /* Assets.xcassets */ = {isa = PBXFileReference; lastKnownFileType = folder.assetcatalog; path = Assets.xcassets; sourceTree = "<group>"; };
		6686064A1BB474CC00BC25FC /* Base */ = {isa = PBXFileReference; lastKnownFileType = file.storyboard; name = Base; path = Base.lproj/LaunchScreen.storyboard; sourceTree = "<group>"; };
		6686064C1BB474CC00BC25FC /* Info.plist */ = {isa = PBXFileReference; lastKnownFileType = text.plist.xml; path = Info.plist; sourceTree = "<group>"; };
/* End PBXFileReference section */

/* Begin PBXFrameworksBuildPhase section */
		6686063A1BB474CC00BC25FC /* Frameworks */ = {
			isa = PBXFrameworksBuildPhase;
			buildActionMask = 2147483647;
			files = (
			);
			runOnlyForDeploymentPostprocessing = 0;
		};
/* End PBXFrameworksBuildPhase section */

/* Begin PBXGroup section */
		668606341BB474CC00BC25FC = {
			isa = PBXGroup;
			children = (
				6686063F1BB474CC00BC25FC /* Permanent Storage */,
				6686063E1BB474CC00BC25FC /* Products */,
			);
			sourceTree = "<group>";
		};
		6686063E1BB474CC00BC25FC /* Products */ = {
			isa = PBXGroup;
			children = (
				6686063D1BB474CC00BC25FC /* Permanent Storage.app */,
			);
			name = Products;
			sourceTree = "<group>";
		};
		6686063F1BB474CC00BC25FC /* Permanent Storage */ = {
			isa = PBXGroup;
			children = (
				668606401BB474CC00BC25FC /* AppDelegate.swift */,
				668606421BB474CC00BC25FC /* ViewController.swift */,
				668606441BB474CC00BC25FC /* Main.storyboard */,
				668606471BB474CC00BC25FC /* Assets.xcassets */,
				668606491BB474CC00BC25FC /* LaunchScreen.storyboard */,
				6686064C1BB474CC00BC25FC /* Info.plist */,
			);
			path = "Permanent Storage";
			sourceTree = "<group>";
		};
/* End PBXGroup section */

/* Begin PBXNativeTarget section */
		6686063C1BB474CC00BC25FC /* Permanent Storage */ = {
			isa = PBXNativeTarget;
			buildConfigurationList = 6686064F1BB474CC00BC25FC /* Build configuration list for PBXNativeTarget "Permanent Storage" */;
			buildPhases = (
				668606391BB474CC00BC25FC /* Sources */,
				6686063A1BB474CC00BC25FC /* Frameworks */,
				6686063B1BB474CC00BC25FC /* Resources */,
			);
			buildRules = (
			);
			dependencies = (
			);
			name = "Permanent Storage";
			productName = "Permanent Storage";
			productReference = 6686063D1BB474CC00BC25FC /* Permanent Storage.app */;
			productType = "com.apple.product-type.application";
		};
/* End PBXNativeTarget section */

/* Begin PBXProject section */
		668606351BB474CC00BC25FC /* Project object */ = {
			isa = PBXProject;
			attributes = {
				LastUpgradeCheck = 0700;
				ORGANIZATIONNAME = "Keith Burton";
				TargetAttributes = {
					6686063C1BB474CC00BC25FC = {
						CreatedOnToolsVersion = 7.0;
						DevelopmentTeam = FCGBAZLSAN;
					};
				};
			};
			buildConfigurationList = 668606381BB474CC00BC25FC /* Build configuration list for PBXProject "Permanent Storage" */;
			compatibilityVersion = "Xcode 3.2";
			developmentRegion = English;
			hasScannedForEncodings = 0;
			knownRegions = (
				en,
				Base,
			);
			mainGroup = 668606341BB474CC00BC25FC;
			productRefGroup = 6686063E1BB474CC00BC25FC /* Products */;
			projectDirPath = "";
			projectRoot = "";
			targets = (
				6686063C1BB474CC00BC25FC /* Permanent Storage */,
			);
		};
/* End PBXProject section */

/* Begin PBXResourcesBuildPhase section */
		6686063B1BB474CC00BC25FC /* Resources */ = {
			isa = PBXResourcesBuildPhase;
			buildActionMask = 2147483647;
			files = (
				6686064B1BB474CC00BC25FC /* LaunchScreen.storyboard in Resources */,
				668606481BB474CC00BC25FC /* Assets.xcassets in Resources */,
				668606461BB474CC00BC25FC /* Main.storyboard in Resources */,
			);
			runOnlyForDeploymentPostprocessing = 0;
		};
/* End PBXResourcesBuildPhase section */

/* Begin PBXSourcesBuildPhase section */
		668606391BB474CC00BC25FC /* Sources */ = {
			isa = PBXSourcesBuildPhase;
			buildActionMask = 2147483647;
			files = (
				668606431BB474CC00BC25FC /* ViewController.swift in Sources */,
				668606411BB474CC00BC25FC /* AppDelegate.swift in Sources */,
			);
			runOnlyForDeploymentPostprocessing = 0;
		};
/* End PBXSourcesBuildPhase section */

/* Begin PBXVariantGroup section */
		668606441BB474CC00BC25FC /* Main.storyboard */ = {
			isa = PBXVariantGroup;
			children = (
				668606451BB474CC00BC25FC /* Base */,
			);
			name = Main.storyboard;
			sourceTree = "<group>";
		};
		668606491BB474CC00BC25FC /* LaunchScreen.storyboard */ = {
			isa = PBXVariantGroup;
			children = (
				6686064A1BB474CC00BC25FC /* Base */,
			);
			name = LaunchScreen.storyboard;
			sourceTree = "<group>";
		};
/* End PBXVariantGroup section */

/* Begin XCBuildConfiguration section */
		6686064D1BB474CC00BC25FC /* Debug */ = {
			isa = XCBuildConfiguration;
			buildSettings = {
				ALWAYS_SEARCH_USER_PATHS = NO;
				CLANG_CXX_LANGUAGE_STANDARD = "gnu++0x";
				CLANG_CXX_LIBRARY = "libc++";
				CLANG_ENABLE_MODULES = YES;
				CLANG_ENABLE_OBJC_ARC = YES;
				CLANG_WARN_BOOL_CONVERSION = YES;
				CLANG_WARN_CONSTANT_CONVERSION = YES;
				CLANG_WARN_DIRECT_OBJC_ISA_USAGE = YES_ERROR;
				CLANG_WARN_EMPTY_BODY = YES;
				CLANG_WARN_ENUM_CONVERSION = YES;
				CLANG_WARN_INT_CONVERSION = YES;
				CLANG_WARN_OBJC_ROOT_CLASS = YES_ERROR;
				CLANG_WARN_UNREACHABLE_CODE = YES;
				CLANG_WARN__DUPLICATE_METHOD_MATCH = YES;
				"CODE_SIGN_IDENTITY[sdk=iphoneos*]" = "iPhone Developer";
				COPY_PHASE_STRIP = NO;
				DEBUG_INFORMATION_FORMAT = dwarf;
				ENABLE_STRICT_OBJC_MSGSEND = YES;
				ENABLE_TESTABILITY = YES;
				GCC_C_LANGUAGE_STANDARD = gnu99;
				GCC_DYNAMIC_NO_PIC = NO;
				GCC_NO_COMMON_BLOCKS = YES;
				GCC_OPTIMIZATION_LEVEL = 0;
				GCC_PREPROCESSOR_DEFINITIONS = (
					"DEBUG=1",
					"$(inherited)",
				);
				GCC_WARN_64_TO_32_BIT_CONVERSION = YES;
				GCC_WARN_ABOUT_RETURN_TYPE = YES_ERROR;
				GCC_WARN_UNDECLARED_SELECTOR = YES;
				GCC_WARN_UNINITIALIZED_AUTOS = YES_AGGRESSIVE;
				GCC_WARN_UNUSED_FUNCTION = YES;
				GCC_WARN_UNUSED_VARIABLE = YES;
				IPHONEOS_DEPLOYMENT_TARGET = 9.0;
				MTL_ENABLE_DEBUG_INFO = YES;
				ONLY_ACTIVE_ARCH = YES;
				SDKROOT = iphoneos;
				SWIFT_OPTIMIZATION_LEVEL = "-Onone";
			};
			name = Debug;
		};
		6686064E1BB474CC00BC25FC /* Release */ = {
			isa = XCBuildConfiguration;
			buildSettings = {
				ALWAYS_SEARCH_USER_PATHS = NO;
				CLANG_CXX_LANGUAGE_STANDARD = "gnu++0x";
				CLANG_CXX_LIBRARY = "libc++";
				CLANG_ENABLE_MODULES = YES;
				CLANG_ENABLE_OBJC_ARC = YES;
				CLANG_WARN_BOOL_CONVERSION = YES;
				CLANG_WARN_CONSTANT_CONVERSION = YES;
				CLANG_WARN_DIRECT_OBJC_ISA_USAGE = YES_ERROR;
				CLANG_WARN_EMPTY_BODY = YES;
				CLANG_WARN_ENUM_CONVERSION = YES;
				CLANG_WARN_INT_CONVERSION = YES;
				CLANG_WARN_OBJC_ROOT_CLASS = YES_ERROR;
				CLANG_WARN_UNREACHABLE_CODE = YES;
				CLANG_WARN__DUPLICATE_METHOD_MATCH = YES;
				"CODE_SIGN_IDENTITY[sdk=iphoneos*]" = "iPhone Developer";
				COPY_PHASE_STRIP = NO;
				DEBUG_INFORMATION_FORMAT = "dwarf-with-dsym";
				ENABLE_NS_ASSERTIONS = NO;
				ENABLE_STRICT_OBJC_MSGSEND = YES;
				GCC_C_LANGUAGE_STANDARD = gnu99;
				GCC_NO_COMMON_BLOCKS = YES;
				GCC_WARN_64_TO_32_BIT_CONVERSION = YES;
				GCC_WARN_ABOUT_RETURN_TYPE = YES_ERROR;
				GCC_WARN_UNDECLARED_SELECTOR = YES;
				GCC_WARN_UNINITIALIZED_AUTOS = YES_AGGRESSIVE;
				GCC_WARN_UNUSED_FUNCTION = YES;
				GCC_WARN_UNUSED_VARIABLE = YES;
				IPHONEOS_DEPLOYMENT_TARGET = 9.0;
				MTL_ENABLE_DEBUG_INFO = NO;
				SDKROOT = iphoneos;
				VALIDATE_PRODUCT = YES;
			};
			name = Release;
		};
		668606501BB474CC00BC25FC /* Debug */ = {
			isa = XCBuildConfiguration;
			buildSettings = {
				ASSETCATALOG_COMPILER_APPICON_NAME = AppIcon;
				INFOPLIST_FILE = "Permanent Storage/Info.plist";
				LD_RUNPATH_SEARCH_PATHS = "$(inherited) @executable_path/Frameworks";
				PRODUCT_BUNDLE_IDENTIFIER = "com.KeithBurton.Permanent-Storage";
				PRODUCT_NAME = "$(TARGET_NAME)";
			};
			name = Debug;
		};
		668606511BB474CC00BC25FC /* Release */ = {
			isa = XCBuildConfiguration;
			buildSettings = {
				ASSETCATALOG_COMPILER_APPICON_NAME = AppIcon;
				INFOPLIST_FILE = "Permanent Storage/Info.plist";
				LD_RUNPATH_SEARCH_PATHS = "$(inherited) @executable_path/Frameworks";
				PRODUCT_BUNDLE_IDENTIFIER = "com.KeithBurton.Permanent-Storage";
				PRODUCT_NAME = "$(TARGET_NAME)";
			};
			name = Release;
		};
/* End XCBuildConfiguration section */

/* Begin XCConfigurationList section */
		668606381BB474CC00BC25FC /* Build configuration list for PBXProject "Permanent Storage" */ = {
			isa = XCConfigurationList;
			buildConfigurations = (
				6686064D1BB474CC00BC25FC /* Debug */,
				6686064E1BB474CC00BC25FC /* Release */,
			);
			defaultConfigurationIsVisible = 0;
			defaultConfigurationName = Release;
		};
		6686064F1BB474CC00BC25FC /* Build configuration list for PBXNativeTarget "Permanent Storage" */ = {
			isa = XCConfigurationList;
			buildConfigurations = (
				668606501BB474CC00BC25FC /* Debug */,
				668606511BB474CC00BC25FC /* Release */,
			);
			defaultConfigurationIsVisible = 0;
		};
/* End XCConfigurationList section */
	};
	rootObject = 668606351BB474CC00BC25FC /* Project object */;
}
